// !$*UTF8*$!
{
	archiveVersion = 1;
	classes = {
	};
	objectVersion = 50;
	objects = {

/* Begin PBXBuildFile section */
		6A26A87F252337100060351B /* AppDelegate.swift in Sources */ = {isa = PBXBuildFile; fileRef = 6A26A87E252337100060351B /* AppDelegate.swift */; };
		6A26A881252337100060351B /* SceneDelegate.swift in Sources */ = {isa = PBXBuildFile; fileRef = 6A26A880252337100060351B /* SceneDelegate.swift */; };
		6A26A883252337100060351B /* ViewController.swift in Sources */ = {isa = PBXBuildFile; fileRef = 6A26A882252337100060351B /* ViewController.swift */; };
		6A26A886252337100060351B /* Main.storyboard in Resources */ = {isa = PBXBuildFile; fileRef = 6A26A884252337100060351B /* Main.storyboard */; };
		6A26A888252337110060351B /* Assets.xcassets in Resources */ = {isa = PBXBuildFile; fileRef = 6A26A887252337110060351B /* Assets.xcassets */; };
		6A26A88B252337110060351B /* LaunchScreen.storyboard in Resources */ = {isa = PBXBuildFile; fileRef = 6A26A889252337110060351B /* LaunchScreen.storyboard */; };
		6A26A896252337110060351B /* SportsterTests.swift in Sources */ = {isa = PBXBuildFile; fileRef = 6A26A895252337110060351B /* SportsterTests.swift */; };
		6A26A8A1252337110060351B /* SportsterUITests.swift in Sources */ = {isa = PBXBuildFile; fileRef = 6A26A8A0252337110060351B /* SportsterUITests.swift */; };
		8380C96025233F0C0028FEA4 /* Intro.storyboard in Resources */ = {isa = PBXBuildFile; fileRef = 8380C95F25233F0C0028FEA4 /* Intro.storyboard */; };
		8380C96525233F1B0028FEA4 /* Login.storyboard in Resources */ = {isa = PBXBuildFile; fileRef = 8380C96425233F1B0028FEA4 /* Login.storyboard */; };
		8380C96A25233F2C0028FEA4 /* LoginViewController.swift in Sources */ = {isa = PBXBuildFile; fileRef = 8380C96925233F2C0028FEA4 /* LoginViewController.swift */; };
		8380C96F25233F3B0028FEA4 /* IntroViewContrtoller.swift in Sources */ = {isa = PBXBuildFile; fileRef = 8380C96E25233F3B0028FEA4 /* IntroViewContrtoller.swift */; };
		8380C98B252368180028FEA4 /* RegistrerViewController.swift in Sources */ = {isa = PBXBuildFile; fileRef = 8380C98A252368180028FEA4 /* RegistrerViewController.swift */; };
/* End PBXBuildFile section */

/* Begin PBXContainerItemProxy section */
		6A26A892252337110060351B /* PBXContainerItemProxy */ = {
			isa = PBXContainerItemProxy;
			containerPortal = 6A26A873252337100060351B /* Project object */;
			proxyType = 1;
			remoteGlobalIDString = 6A26A87A252337100060351B;
			remoteInfo = Sportster;
		};
		6A26A89D252337110060351B /* PBXContainerItemProxy */ = {
			isa = PBXContainerItemProxy;
			containerPortal = 6A26A873252337100060351B /* Project object */;
			proxyType = 1;
			remoteGlobalIDString = 6A26A87A252337100060351B;
			remoteInfo = Sportster;
		};
/* End PBXContainerItemProxy section */

/* Begin PBXFileReference section */
		6A26A87B252337100060351B /* Sportster.app */ = {isa = PBXFileReference; explicitFileType = wrapper.application; includeInIndex = 0; path = Sportster.app; sourceTree = BUILT_PRODUCTS_DIR; };
		6A26A87E252337100060351B /* AppDelegate.swift */ = {isa = PBXFileReference; lastKnownFileType = sourcecode.swift; path = AppDelegate.swift; sourceTree = "<group>"; };
		6A26A880252337100060351B /* SceneDelegate.swift */ = {isa = PBXFileReference; lastKnownFileType = sourcecode.swift; path = SceneDelegate.swift; sourceTree = "<group>"; };
		6A26A882252337100060351B /* ViewController.swift */ = {isa = PBXFileReference; lastKnownFileType = sourcecode.swift; path = ViewController.swift; sourceTree = "<group>"; };
		6A26A885252337100060351B /* Base */ = {isa = PBXFileReference; lastKnownFileType = file.storyboard; name = Base; path = Base.lproj/Main.storyboard; sourceTree = "<group>"; };
		6A26A887252337110060351B /* Assets.xcassets */ = {isa = PBXFileReference; lastKnownFileType = folder.assetcatalog; path = Assets.xcassets; sourceTree = "<group>"; };
		6A26A88A252337110060351B /* Base */ = {isa = PBXFileReference; lastKnownFileType = file.storyboard; name = Base; path = Base.lproj/LaunchScreen.storyboard; sourceTree = "<group>"; };
		6A26A88C252337110060351B /* Info.plist */ = {isa = PBXFileReference; lastKnownFileType = text.plist.xml; path = Info.plist; sourceTree = "<group>"; };
		6A26A891252337110060351B /* SportsterTests.xctest */ = {isa = PBXFileReference; explicitFileType = wrapper.cfbundle; includeInIndex = 0; path = SportsterTests.xctest; sourceTree = BUILT_PRODUCTS_DIR; };
		6A26A895252337110060351B /* SportsterTests.swift */ = {isa = PBXFileReference; lastKnownFileType = sourcecode.swift; path = SportsterTests.swift; sourceTree = "<group>"; };
		6A26A897252337110060351B /* Info.plist */ = {isa = PBXFileReference; lastKnownFileType = text.plist.xml; path = Info.plist; sourceTree = "<group>"; };
		6A26A89C252337110060351B /* SportsterUITests.xctest */ = {isa = PBXFileReference; explicitFileType = wrapper.cfbundle; includeInIndex = 0; path = SportsterUITests.xctest; sourceTree = BUILT_PRODUCTS_DIR; };
		6A26A8A0252337110060351B /* SportsterUITests.swift */ = {isa = PBXFileReference; lastKnownFileType = sourcecode.swift; path = SportsterUITests.swift; sourceTree = "<group>"; };
		6A26A8A2252337110060351B /* Info.plist */ = {isa = PBXFileReference; lastKnownFileType = text.plist.xml; path = Info.plist; sourceTree = "<group>"; };
		8380C95F25233F0C0028FEA4 /* Intro.storyboard */ = {isa = PBXFileReference; lastKnownFileType = file.storyboard; path = Intro.storyboard; sourceTree = "<group>"; };
		8380C96425233F1B0028FEA4 /* Login.storyboard */ = {isa = PBXFileReference; lastKnownFileType = file.storyboard; path = Login.storyboard; sourceTree = "<group>"; };
		8380C96925233F2C0028FEA4 /* LoginViewController.swift */ = {isa = PBXFileReference; lastKnownFileType = sourcecode.swift; path = LoginViewController.swift; sourceTree = "<group>"; };
		8380C96E25233F3B0028FEA4 /* IntroViewContrtoller.swift */ = {isa = PBXFileReference; lastKnownFileType = sourcecode.swift; path = IntroViewContrtoller.swift; sourceTree = "<group>"; };
		8380C98A252368180028FEA4 /* RegistrerViewController.swift */ = {isa = PBXFileReference; lastKnownFileType = sourcecode.swift; path = RegistrerViewController.swift; sourceTree = "<group>"; };
/* End PBXFileReference section */

/* Begin PBXFrameworksBuildPhase section */
		6A26A878252337100060351B /* Frameworks */ = {
			isa = PBXFrameworksBuildPhase;
			buildActionMask = 2147483647;
			files = (
			);
			runOnlyForDeploymentPostprocessing = 0;
		};
		6A26A88E252337110060351B /* Frameworks */ = {
			isa = PBXFrameworksBuildPhase;
			buildActionMask = 2147483647;
			files = (
			);
			runOnlyForDeploymentPostprocessing = 0;
		};
		6A26A899252337110060351B /* Frameworks */ = {
			isa = PBXFrameworksBuildPhase;
			buildActionMask = 2147483647;
			files = (
			);
			runOnlyForDeploymentPostprocessing = 0;
		};
/* End PBXFrameworksBuildPhase section */

/* Begin PBXGroup section */
		6A26A872252337100060351B = {
			isa = PBXGroup;
			children = (
				6A26A87D252337100060351B /* Sportster */,
				6A26A894252337110060351B /* SportsterTests */,
				6A26A89F252337110060351B /* SportsterUITests */,
				6A26A87C252337100060351B /* Products */,
			);
			sourceTree = "<group>";
		};
		6A26A87C252337100060351B /* Products */ = {
			isa = PBXGroup;
			children = (
				6A26A87B252337100060351B /* Sportster.app */,
				6A26A891252337110060351B /* SportsterTests.xctest */,
				6A26A89C252337110060351B /* SportsterUITests.xctest */,
			);
			name = Products;
			sourceTree = "<group>";
		};
		6A26A87D252337100060351B /* Sportster */ = {
			isa = PBXGroup;
			children = (
				8380C95E25233EF60028FEA4 /* Main */,
				8380C95D25233EE50028FEA4 /* Login */,
				8380C95925233EDD0028FEA4 /* Intro */,
				6A26A87E252337100060351B /* AppDelegate.swift */,
				6A26A880252337100060351B /* SceneDelegate.swift */,
				6A26A887252337110060351B /* Assets.xcassets */,
				6A26A889252337110060351B /* LaunchScreen.storyboard */,
				6A26A88C252337110060351B /* Info.plist */,
			);
			path = Sportster;
			sourceTree = "<group>";
		};
		6A26A894252337110060351B /* SportsterTests */ = {
			isa = PBXGroup;
			children = (
				6A26A895252337110060351B /* SportsterTests.swift */,
				6A26A897252337110060351B /* Info.plist */,
			);
			path = SportsterTests;
			sourceTree = "<group>";
		};
		6A26A89F252337110060351B /* SportsterUITests */ = {
			isa = PBXGroup;
			children = (
				6A26A8A0252337110060351B /* SportsterUITests.swift */,
				6A26A8A2252337110060351B /* Info.plist */,
			);
			path = SportsterUITests;
			sourceTree = "<group>";
		};
		8380C95925233EDD0028FEA4 /* Intro */ = {
			isa = PBXGroup;
			children = (
				8380C95F25233F0C0028FEA4 /* Intro.storyboard */,
				8380C96E25233F3B0028FEA4 /* IntroViewContrtoller.swift */,
			);
			path = Intro;
			sourceTree = "<group>";
		};
		8380C95D25233EE50028FEA4 /* Login */ = {
			isa = PBXGroup;
			children = (
				8380C96425233F1B0028FEA4 /* Login.storyboard */,
				8380C96925233F2C0028FEA4 /* LoginViewController.swift */,
				8380C98A252368180028FEA4 /* RegistrerViewController.swift */,
			);
			path = Login;
			sourceTree = "<group>";
		};
		8380C95E25233EF60028FEA4 /* Main */ = {
			isa = PBXGroup;
			children = (
				6A26A882252337100060351B /* ViewController.swift */,
				6A26A884252337100060351B /* Main.storyboard */,
			);
			path = Main;
			sourceTree = "<group>";
		};
/* End PBXGroup section */

/* Begin PBXNativeTarget section */
		6A26A87A252337100060351B /* Sportster */ = {
			isa = PBXNativeTarget;
			buildConfigurationList = 6A26A8A5252337110060351B /* Build configuration list for PBXNativeTarget "Sportster" */;
			buildPhases = (
				6A26A877252337100060351B /* Sources */,
				6A26A878252337100060351B /* Frameworks */,
				6A26A879252337100060351B /* Resources */,
			);
			buildRules = (
			);
			dependencies = (
			);
			name = Sportster;
			productName = Sportster;
			productReference = 6A26A87B252337100060351B /* Sportster.app */;
			productType = "com.apple.product-type.application";
		};
		6A26A890252337110060351B /* SportsterTests */ = {
			isa = PBXNativeTarget;
			buildConfigurationList = 6A26A8A8252337110060351B /* Build configuration list for PBXNativeTarget "SportsterTests" */;
			buildPhases = (
				6A26A88D252337110060351B /* Sources */,
				6A26A88E252337110060351B /* Frameworks */,
				6A26A88F252337110060351B /* Resources */,
			);
			buildRules = (
			);
			dependencies = (
				6A26A893252337110060351B /* PBXTargetDependency */,
			);
			name = SportsterTests;
			productName = SportsterTests;
			productReference = 6A26A891252337110060351B /* SportsterTests.xctest */;
			productType = "com.apple.product-type.bundle.unit-test";
		};
		6A26A89B252337110060351B /* SportsterUITests */ = {
			isa = PBXNativeTarget;
			buildConfigurationList = 6A26A8AB252337110060351B /* Build configuration list for PBXNativeTarget "SportsterUITests" */;
			buildPhases = (
				6A26A898252337110060351B /* Sources */,
				6A26A899252337110060351B /* Frameworks */,
				6A26A89A252337110060351B /* Resources */,
			);
			buildRules = (
			);
			dependencies = (
				6A26A89E252337110060351B /* PBXTargetDependency */,
			);
			name = SportsterUITests;
			productName = SportsterUITests;
			productReference = 6A26A89C252337110060351B /* SportsterUITests.xctest */;
			productType = "com.apple.product-type.bundle.ui-testing";
		};
/* End PBXNativeTarget section */

/* Begin PBXProject section */
		6A26A873252337100060351B /* Project object */ = {
			isa = PBXProject;
			attributes = {
				LastSwiftUpdateCheck = 1200;
				LastUpgradeCheck = 1200;
				TargetAttributes = {
					6A26A87A252337100060351B = {
						CreatedOnToolsVersion = 12.0.1;
					};
					6A26A890252337110060351B = {
						CreatedOnToolsVersion = 12.0.1;
						TestTargetID = 6A26A87A252337100060351B;
					};
					6A26A89B252337110060351B = {
						CreatedOnToolsVersion = 12.0.1;
						TestTargetID = 6A26A87A252337100060351B;
					};
				};
			};
			buildConfigurationList = 6A26A876252337100060351B /* Build configuration list for PBXProject "Sportster" */;
			compatibilityVersion = "Xcode 9.3";
			developmentRegion = en;
			hasScannedForEncodings = 0;
			knownRegions = (
				en,
				Base,
			);
			mainGroup = 6A26A872252337100060351B;
			productRefGroup = 6A26A87C252337100060351B /* Products */;
			projectDirPath = "";
			projectRoot = "";
			targets = (
				6A26A87A252337100060351B /* Sportster */,
				6A26A890252337110060351B /* SportsterTests */,
				6A26A89B252337110060351B /* SportsterUITests */,
			);
		};
/* End PBXProject section */

/* Begin PBXResourcesBuildPhase section */
		6A26A879252337100060351B /* Resources */ = {
			isa = PBXResourcesBuildPhase;
			buildActionMask = 2147483647;
			files = (
				6A26A88B252337110060351B /* LaunchScreen.storyboard in Resources */,
				6A26A888252337110060351B /* Assets.xcassets in Resources */,
				6A26A886252337100060351B /* Main.storyboard in Resources */,
				8380C96525233F1B0028FEA4 /* Login.storyboard in Resources */,
				8380C96025233F0C0028FEA4 /* Intro.storyboard in Resources */,
			);
			runOnlyForDeploymentPostprocessing = 0;
		};
		6A26A88F252337110060351B /* Resources */ = {
			isa = PBXResourcesBuildPhase;
			buildActionMask = 2147483647;
			files = (
			);
			runOnlyForDeploymentPostprocessing = 0;
		};
		6A26A89A252337110060351B /* Resources */ = {
			isa = PBXResourcesBuildPhase;
			buildActionMask = 2147483647;
			files = (
			);
			runOnlyForDeploymentPostprocessing = 0;
		};
/* End PBXResourcesBuildPhase section */

/* Begin PBXSourcesBuildPhase section */
		6A26A877252337100060351B /* Sources */ = {
			isa = PBXSourcesBuildPhase;
			buildActionMask = 2147483647;
			files = (
				8380C96F25233F3B0028FEA4 /* IntroViewContrtoller.swift in Sources */,
				8380C96A25233F2C0028FEA4 /* LoginViewController.swift in Sources */,
				8380C98B252368180028FEA4 /* RegistrerViewController.swift in Sources */,
				6A26A883252337100060351B /* ViewController.swift in Sources */,
				6A26A87F252337100060351B /* AppDelegate.swift in Sources */,
				6A26A881252337100060351B /* SceneDelegate.swift in Sources */,
			);
			runOnlyForDeploymentPostprocessing = 0;
		};
		6A26A88D252337110060351B /* Sources */ = {
			isa = PBXSourcesBuildPhase;
			buildActionMask = 2147483647;
			files = (
				6A26A896252337110060351B /* SportsterTests.swift in Sources */,
			);
			runOnlyForDeploymentPostprocessing = 0;
		};
		6A26A898252337110060351B /* Sources */ = {
			isa = PBXSourcesBuildPhase;
			buildActionMask = 2147483647;
			files = (
				6A26A8A1252337110060351B /* SportsterUITests.swift in Sources */,
			);
			runOnlyForDeploymentPostprocessing = 0;
		};
/* End PBXSourcesBuildPhase section */

/* Begin PBXTargetDependency section */
		6A26A893252337110060351B /* PBXTargetDependency */ = {
			isa = PBXTargetDependency;
			target = 6A26A87A252337100060351B /* Sportster */;
			targetProxy = 6A26A892252337110060351B /* PBXContainerItemProxy */;
		};
		6A26A89E252337110060351B /* PBXTargetDependency */ = {
			isa = PBXTargetDependency;
			target = 6A26A87A252337100060351B /* Sportster */;
			targetProxy = 6A26A89D252337110060351B /* PBXContainerItemProxy */;
		};
/* End PBXTargetDependency section */

/* Begin PBXVariantGroup section */
		6A26A884252337100060351B /* Main.storyboard */ = {
			isa = PBXVariantGroup;
			children = (
				6A26A885252337100060351B /* Base */,
			);
			name = Main.storyboard;
			sourceTree = "<group>";
		};
		6A26A889252337110060351B /* LaunchScreen.storyboard */ = {
			isa = PBXVariantGroup;
			children = (
				6A26A88A252337110060351B /* Base */,
			);
			name = LaunchScreen.storyboard;
			sourceTree = "<group>";
		};
/* End PBXVariantGroup section */

/* Begin XCBuildConfiguration section */
		6A26A8A3252337110060351B /* Debug */ = {
			isa = XCBuildConfiguration;
			buildSettings = {
				ALWAYS_SEARCH_USER_PATHS = NO;
				CLANG_ANALYZER_NONNULL = YES;
				CLANG_ANALYZER_NUMBER_OBJECT_CONVERSION = YES_AGGRESSIVE;
				CLANG_CXX_LANGUAGE_STANDARD = "gnu++14";
				CLANG_CXX_LIBRARY = "libc++";
				CLANG_ENABLE_MODULES = YES;
				CLANG_ENABLE_OBJC_ARC = YES;
				CLANG_ENABLE_OBJC_WEAK = YES;
				CLANG_WARN_BLOCK_CAPTURE_AUTORELEASING = YES;
				CLANG_WARN_BOOL_CONVERSION = YES;
				CLANG_WARN_COMMA = YES;
				CLANG_WARN_CONSTANT_CONVERSION = YES;
				CLANG_WARN_DEPRECATED_OBJC_IMPLEMENTATIONS = YES;
				CLANG_WARN_DIRECT_OBJC_ISA_USAGE = YES_ERROR;
				CLANG_WARN_DOCUMENTATION_COMMENTS = YES;
				CLANG_WARN_EMPTY_BODY = YES;
				CLANG_WARN_ENUM_CONVERSION = YES;
				CLANG_WARN_INFINITE_RECURSION = YES;
				CLANG_WARN_INT_CONVERSION = YES;
				CLANG_WARN_NON_LITERAL_NULL_CONVERSION = YES;
				CLANG_WARN_OBJC_IMPLICIT_RETAIN_SELF = YES;
				CLANG_WARN_OBJC_LITERAL_CONVERSION = YES;
				CLANG_WARN_OBJC_ROOT_CLASS = YES_ERROR;
				CLANG_WARN_QUOTED_INCLUDE_IN_FRAMEWORK_HEADER = YES;
				CLANG_WARN_RANGE_LOOP_ANALYSIS = YES;
				CLANG_WARN_STRICT_PROTOTYPES = YES;
				CLANG_WARN_SUSPICIOUS_MOVE = YES;
				CLANG_WARN_UNGUARDED_AVAILABILITY = YES_AGGRESSIVE;
				CLANG_WARN_UNREACHABLE_CODE = YES;
				CLANG_WARN__DUPLICATE_METHOD_MATCH = YES;
				COPY_PHASE_STRIP = NO;
				DEBUG_INFORMATION_FORMAT = dwarf;
				ENABLE_STRICT_OBJC_MSGSEND = YES;
				ENABLE_TESTABILITY = YES;
				GCC_C_LANGUAGE_STANDARD = gnu11;
				GCC_DYNAMIC_NO_PIC = NO;
				GCC_NO_COMMON_BLOCKS = YES;
				GCC_OPTIMIZATION_LEVEL = 0;
				GCC_PREPROCESSOR_DEFINITIONS = (
					"DEBUG=1",
					"$(inherited)",
				);
				GCC_WARN_64_TO_32_BIT_CONVERSION = YES;
				GCC_WARN_ABOUT_RETURN_TYPE = YES_ERROR;
				GCC_WARN_UNDECLARED_SELECTOR = YES;
				GCC_WARN_UNINITIALIZED_AUTOS = YES_AGGRESSIVE;
				GCC_WARN_UNUSED_FUNCTION = YES;
				GCC_WARN_UNUSED_VARIABLE = YES;
				IPHONEOS_DEPLOYMENT_TARGET = 14.0;
				MTL_ENABLE_DEBUG_INFO = INCLUDE_SOURCE;
				MTL_FAST_MATH = YES;
				ONLY_ACTIVE_ARCH = YES;
				SDKROOT = iphoneos;
				SWIFT_ACTIVE_COMPILATION_CONDITIONS = DEBUG;
				SWIFT_OPTIMIZATION_LEVEL = "-Onone";
			};
			name = Debug;
		};
		6A26A8A4252337110060351B /* Release */ = {
			isa = XCBuildConfiguration;
			buildSettings = {
				ALWAYS_SEARCH_USER_PATHS = NO;
				CLANG_ANALYZER_NONNULL = YES;
				CLANG_ANALYZER_NUMBER_OBJECT_CONVERSION = YES_AGGRESSIVE;
				CLANG_CXX_LANGUAGE_STANDARD = "gnu++14";
				CLANG_CXX_LIBRARY = "libc++";
				CLANG_ENABLE_MODULES = YES;
				CLANG_ENABLE_OBJC_ARC = YES;
				CLANG_ENABLE_OBJC_WEAK = YES;
				CLANG_WARN_BLOCK_CAPTURE_AUTORELEASING = YES;
				CLANG_WARN_BOOL_CONVERSION = YES;
				CLANG_WARN_COMMA = YES;
				CLANG_WARN_CONSTANT_CONVERSION = YES;
				CLANG_WARN_DEPRECATED_OBJC_IMPLEMENTATIONS = YES;
				CLANG_WARN_DIRECT_OBJC_ISA_USAGE = YES_ERROR;
				CLANG_WARN_DOCUMENTATION_COMMENTS = YES;
				CLANG_WARN_EMPTY_BODY = YES;
				CLANG_WARN_ENUM_CONVERSION = YES;
				CLANG_WARN_INFINITE_RECURSION = YES;
				CLANG_WARN_INT_CONVERSION = YES;
				CLANG_WARN_NON_LITERAL_NULL_CONVERSION = YES;
				CLANG_WARN_OBJC_IMPLICIT_RETAIN_SELF = YES;
				CLANG_WARN_OBJC_LITERAL_CONVERSION = YES;
				CLANG_WARN_OBJC_ROOT_CLASS = YES_ERROR;
				CLANG_WARN_QUOTED_INCLUDE_IN_FRAMEWORK_HEADER = YES;
				CLANG_WARN_RANGE_LOOP_ANALYSIS = YES;
				CLANG_WARN_STRICT_PROTOTYPES = YES;
				CLANG_WARN_SUSPICIOUS_MOVE = YES;
				CLANG_WARN_UNGUARDED_AVAILABILITY = YES_AGGRESSIVE;
				CLANG_WARN_UNREACHABLE_CODE = YES;
				CLANG_WARN__DUPLICATE_METHOD_MATCH = YES;
				COPY_PHASE_STRIP = NO;
				DEBUG_INFORMATION_FORMAT = "dwarf-with-dsym";
				ENABLE_NS_ASSERTIONS = NO;
				ENABLE_STRICT_OBJC_MSGSEND = YES;
				GCC_C_LANGUAGE_STANDARD = gnu11;
				GCC_NO_COMMON_BLOCKS = YES;
				GCC_WARN_64_TO_32_BIT_CONVERSION = YES;
				GCC_WARN_ABOUT_RETURN_TYPE = YES_ERROR;
				GCC_WARN_UNDECLARED_SELECTOR = YES;
				GCC_WARN_UNINITIALIZED_AUTOS = YES_AGGRESSIVE;
				GCC_WARN_UNUSED_FUNCTION = YES;
				GCC_WARN_UNUSED_VARIABLE = YES;
				IPHONEOS_DEPLOYMENT_TARGET = 14.0;
				MTL_ENABLE_DEBUG_INFO = NO;
				MTL_FAST_MATH = YES;
				SDKROOT = iphoneos;
				SWIFT_COMPILATION_MODE = wholemodule;
				SWIFT_OPTIMIZATION_LEVEL = "-O";
				VALIDATE_PRODUCT = YES;
			};
			name = Release;
		};
		6A26A8A6252337110060351B /* Debug */ = {
			isa = XCBuildConfiguration;
			buildSettings = {
				ASSETCATALOG_COMPILER_APPICON_NAME = AppIcon;
				ASSETCATALOG_COMPILER_GLOBAL_ACCENT_COLOR_NAME = AccentColor;
				CODE_SIGN_STYLE = Automatic;
				DEVELOPMENT_TEAM = G6TSQJ6DQ5;
				INFOPLIST_FILE = Sportster/Info.plist;
				LD_RUNPATH_SEARCH_PATHS = (
					"$(inherited)",
					"@executable_path/Frameworks",
				);
				PRODUCT_BUNDLE_IDENTIFIER = DTU.Sportster;
				PRODUCT_NAME = "$(TARGET_NAME)";
				SWIFT_VERSION = 5.0;
				TARGETED_DEVICE_FAMILY = "1,2";
			};
			name = Debug;
		};
		6A26A8A7252337110060351B /* Release */ = {
			isa = XCBuildConfiguration;
			buildSettings = {
				ASSETCATALOG_COMPILER_APPICON_NAME = AppIcon;
				ASSETCATALOG_COMPILER_GLOBAL_ACCENT_COLOR_NAME = AccentColor;
				CODE_SIGN_STYLE = Automatic;
				DEVELOPMENT_TEAM = G6TSQJ6DQ5;
				INFOPLIST_FILE = Sportster/Info.plist;
				LD_RUNPATH_SEARCH_PATHS = (
					"$(inherited)",
					"@executable_path/Frameworks",
				);
				PRODUCT_BUNDLE_IDENTIFIER = DTU.Sportster;
				PRODUCT_NAME = "$(TARGET_NAME)";
				SWIFT_VERSION = 5.0;
				TARGETED_DEVICE_FAMILY = "1,2";
			};
			name = Release;
		};
		6A26A8A9252337110060351B /* Debug */ = {
			isa = XCBuildConfiguration;
			buildSettings = {
				ALWAYS_EMBED_SWIFT_STANDARD_LIBRARIES = YES;
				BUNDLE_LOADER = "$(TEST_HOST)";
				CODE_SIGN_STYLE = Automatic;
				DEVELOPMENT_TEAM = G6TSQJ6DQ5;
				INFOPLIST_FILE = SportsterTests/Info.plist;
				IPHONEOS_DEPLOYMENT_TARGET = 14.0;
				LD_RUNPATH_SEARCH_PATHS = (
					"$(inherited)",
					"@executable_path/Frameworks",
					"@loader_path/Frameworks",
				);
				PRODUCT_BUNDLE_IDENTIFIER = DTU.SportsterTests;
				PRODUCT_NAME = "$(TARGET_NAME)";
				SWIFT_VERSION = 5.0;
				TARGETED_DEVICE_FAMILY = "1,2";
				TEST_HOST = "$(BUILT_PRODUCTS_DIR)/Sportster.app/Sportster";
			};
			name = Debug;
		};
		6A26A8AA252337110060351B /* Release */ = {
			isa = XCBuildConfiguration;
			buildSettings = {
				ALWAYS_EMBED_SWIFT_STANDARD_LIBRARIES = YES;
				BUNDLE_LOADER = "$(TEST_HOST)";
				CODE_SIGN_STYLE = Automatic;
				DEVELOPMENT_TEAM = G6TSQJ6DQ5;
				INFOPLIST_FILE = SportsterTests/Info.plist;
				IPHONEOS_DEPLOYMENT_TARGET = 14.0;
				LD_RUNPATH_SEARCH_PATHS = (
					"$(inherited)",
					"@executable_path/Frameworks",
					"@loader_path/Frameworks",
				);
				PRODUCT_BUNDLE_IDENTIFIER = DTU.SportsterTests;
				PRODUCT_NAME = "$(TARGET_NAME)";
				SWIFT_VERSION = 5.0;
				TARGETED_DEVICE_FAMILY = "1,2";
				TEST_HOST = "$(BUILT_PRODUCTS_DIR)/Sportster.app/Sportster";
			};
			name = Release;
		};
		6A26A8AC252337110060351B /* Debug */ = {
			isa = XCBuildConfiguration;
			buildSettings = {
				ALWAYS_EMBED_SWIFT_STANDARD_LIBRARIES = YES;
				CODE_SIGN_STYLE = Automatic;
				DEVELOPMENT_TEAM = G6TSQJ6DQ5;
				INFOPLIST_FILE = SportsterUITests/Info.plist;
				LD_RUNPATH_SEARCH_PATHS = (
					"$(inherited)",
					"@executable_path/Frameworks",
					"@loader_path/Frameworks",
				);
				PRODUCT_BUNDLE_IDENTIFIER = DTU.SportsterUITests;
				PRODUCT_NAME = "$(TARGET_NAME)";
				SWIFT_VERSION = 5.0;
				TARGETED_DEVICE_FAMILY = "1,2";
				TEST_TARGET_NAME = Sportster;
			};
			name = Debug;
		};
		6A26A8AD252337110060351B /* Release */ = {
			isa = XCBuildConfiguration;
			buildSettings = {
				ALWAYS_EMBED_SWIFT_STANDARD_LIBRARIES = YES;
				CODE_SIGN_STYLE = Automatic;
				DEVELOPMENT_TEAM = G6TSQJ6DQ5;
				INFOPLIST_FILE = SportsterUITests/Info.plist;
				LD_RUNPATH_SEARCH_PATHS = (
					"$(inherited)",
					"@executable_path/Frameworks",
					"@loader_path/Frameworks",
				);
				PRODUCT_BUNDLE_IDENTIFIER = DTU.SportsterUITests;
				PRODUCT_NAME = "$(TARGET_NAME)";
				SWIFT_VERSION = 5.0;
				TARGETED_DEVICE_FAMILY = "1,2";
				TEST_TARGET_NAME = Sportster;
			};
			name = Release;
		};
/* End XCBuildConfiguration section */

/* Begin XCConfigurationList section */
		6A26A876252337100060351B /* Build configuration list for PBXProject "Sportster" */ = {
			isa = XCConfigurationList;
			buildConfigurations = (
				6A26A8A3252337110060351B /* Debug */,
				6A26A8A4252337110060351B /* Release */,
			);
			defaultConfigurationIsVisible = 0;
			defaultConfigurationName = Release;
		};
		6A26A8A5252337110060351B /* Build configuration list for PBXNativeTarget "Sportster" */ = {
			isa = XCConfigurationList;
			buildConfigurations = (
				6A26A8A6252337110060351B /* Debug */,
				6A26A8A7252337110060351B /* Release */,
			);
			defaultConfigurationIsVisible = 0;
			defaultConfigurationName = Release;
		};
		6A26A8A8252337110060351B /* Build configuration list for PBXNativeTarget "SportsterTests" */ = {
			isa = XCConfigurationList;
			buildConfigurations = (
				6A26A8A9252337110060351B /* Debug */,
				6A26A8AA252337110060351B /* Release */,
			);
			defaultConfigurationIsVisible = 0;
			defaultConfigurationName = Release;
		};
		6A26A8AB252337110060351B /* Build configuration list for PBXNativeTarget "SportsterUITests" */ = {
			isa = XCConfigurationList;
			buildConfigurations = (
				6A26A8AC252337110060351B /* Debug */,
				6A26A8AD252337110060351B /* Release */,
			);
			defaultConfigurationIsVisible = 0;
			defaultConfigurationName = Release;
		};
/* End XCConfigurationList section */
	};
	rootObject = 6A26A873252337100060351B /* Project object */;
}
